
Microsoft Visual Studio Solution File, Format Version 12.00
# Visual Studio 2012
Project("{8BC9CEB8-8B4A-11D0-8D11-00A0C91BC942}") = "faceDetection_CUDA", "faceDetection_CUDA\faceDetection_CUDA.vcxproj", "{151F3F6E-D091-4F85-828E-020336AEC359}"
EndProject
Global
	GlobalSection(SolutionConfigurationPlatforms) = preSolution
		Debug|Win32 = Debug|Win32
		Release|Win32 = Release|Win32
	EndGlobalSection
	GlobalSection(ProjectConfigurationPlatforms) = postSolution
		{151F3F6E-D091-4F85-828E-020336AEC359}.Debug|Win32.ActiveCfg = Debug|Win32
		{151F3F6E-D091-4F85-828E-020336AEC359}.Debug|Win32.Build.0 = Debug|Win32
		{151F3F6E-D091-4F85-828E-020336AEC359}.Release|Win32.ActiveCfg = Release|Win32
		{151F3F6E-D091-4F85-828E-020336AEC359}.Release|Win32.Build.0 = Release|Win32
	EndGlobalSection
	GlobalSection(SolutionProperties) = preSolution
		HideSolutionNode = FALSE
	EndGlobalSection
EndGlobal
